
Microsoft Visual Studio Solution File, Format Version 12.00
# Visual Studio Version 16
VisualStudioVersion = 16.0.29025.244
MinimumVisualStudioVersion = 10.0.40219.1
Project("{2150E333-8FDC-42A3-9474-1A3956D46DE8}") = "EventService", "EventService", "{89B97316-D2EE-4231-9FB5-4F7FD35BD984}"
EndProject
Project("{2150E333-8FDC-42A3-9474-1A3956D46DE8}") = "ProfileService", "ProfileService", "{553C3DD2-09BE-43BA-A67E-783B452A8DDF}"
EndProject
Project("{2150E333-8FDC-42A3-9474-1A3956D46DE8}") = "ArtistService", "ArtistService", "{548C71BD-0F9C-4AC4-8460-6DE41AE206B0}"
EndProject
Project("{2150E333-8FDC-42A3-9474-1A3956D46DE8}") = "VenueService", "VenueService", "{C8AB405E-4E12-4619-BE33-999A75A2AFF9}"
EndProject
Project("{2150E333-8FDC-42A3-9474-1A3956D46DE8}") = "TicketingService", "TicketingService", "{9A6BD48C-5402-46C1-89DB-BC46CDEBBE58}"
EndProject
Project("{9A19103F-16F7-4668-BE54-9A1E7A4F7556}") = "ProfileService.Business", "ProfileService.Business\ProfileService.Business.csproj", "{3B33248D-F95B-42C2-ADF8-9AF77EB25470}"
EndProject
Project("{9A19103F-16F7-4668-BE54-9A1E7A4F7556}") = "ProfileService.Data", "ProfileService.Data\ProfileService.Data.csproj", "{36EB8D03-3644-43B1-9BE2-94B275DF59FC}"
EndProject
Project("{9A19103F-16F7-4668-BE54-9A1E7A4F7556}") = "ProfileService.Domain", "ProfileService.Domain\ProfileService.Domain.csproj", "{D13A71E2-530D-4A75-82CC-1E846672912D}"
EndProject
Project("{9A19103F-16F7-4668-BE54-9A1E7A4F7556}") = "ProfileService.Test", "ProfileService.Test\ProfileService.Test.csproj", "{355F0AEE-89CF-456A-A6FB-E58180747C68}"
EndProject
Project("{9A19103F-16F7-4668-BE54-9A1E7A4F7556}") = "ProfileService.Api", "ProfileService.Api\ProfileService.Api.csproj", "{85D6B6CC-F96F-4B82-97BD-2A5373E43CB8}"
EndProject
Project("{9A19103F-16F7-4668-BE54-9A1E7A4F7556}") = "VenueService.Api", "VenueService.Api\VenueService.Api.csproj", "{70339EFF-09DA-415A-9EF2-0F2F96EDD2EF}"
EndProject
Project("{9A19103F-16F7-4668-BE54-9A1E7A4F7556}") = "VenueService.Data", "VenueService.Data\VenueService.Data.csproj", "{2AE18777-1FFA-44A0-8923-3D4595C4DB0F}"
EndProject
Project("{9A19103F-16F7-4668-BE54-9A1E7A4F7556}") = "VenueService.Domain", "VenueService.Domain\VenueService.Domain.csproj", "{954FDBFB-E6EA-49A8-A450-C40B208CD9A0}"
EndProject
Project("{9A19103F-16F7-4668-BE54-9A1E7A4F7556}") = "VenueService.Business", "VenueService.Business\VenueService.Business.csproj", "{F21A1EAA-20E1-4E41-8A77-AC9CEA5AE7F7}"
EndProject
Project("{9A19103F-16F7-4668-BE54-9A1E7A4F7556}") = "VenueService.Test", "VenueService.Test\VenueService.Test.csproj", "{51217333-6703-4EE1-BDB1-4913F3CA9195}"
EndProject
Project("{9A19103F-16F7-4668-BE54-9A1E7A4F7556}") = "ArtistService.Api", "ArtistService.Api\ArtistService.Api.csproj", "{993550B6-8B4F-484E-BEF2-B2AA0DD87822}"
EndProject
Project("{9A19103F-16F7-4668-BE54-9A1E7A4F7556}") = "ArtistService.Data", "ArtistService.Data\ArtistService.Data.csproj", "{A325B962-1403-4A3C-A584-CAE87CE00B16}"
EndProject
Project("{9A19103F-16F7-4668-BE54-9A1E7A4F7556}") = "ArtistService.Business", "ArtistService.Business\ArtistService.Business.csproj", "{A4ADF974-27F2-43B7-BCD9-0FE576B8FE57}"
EndProject
Project("{9A19103F-16F7-4668-BE54-9A1E7A4F7556}") = "ArtistService.Domain", "ArtistService.Domain\ArtistService.Domain.csproj", "{ABA88604-7327-4D23-A622-1BA8BD6F1326}"
EndProject
Project("{9A19103F-16F7-4668-BE54-9A1E7A4F7556}") = "ArtistService.Test", "ArtistService.Test\ArtistService.Test.csproj", "{B7EF8A5B-8D75-4F3F-A915-3FEE8DEB88C2}"
EndProject
Project("{9A19103F-16F7-4668-BE54-9A1E7A4F7556}") = "EventService.Api", "EventService.Api\EventService.Api.csproj", "{5797252A-737E-4E12-AD6E-4D46DBACB006}"
EndProject
Project("{9A19103F-16F7-4668-BE54-9A1E7A4F7556}") = "EventService.Business", "EventService.Business\EventService.Business.csproj", "{4F553432-DA51-483E-AEB8-DF2A89D6BF5D}"
EndProject
Project("{9A19103F-16F7-4668-BE54-9A1E7A4F7556}") = "EventService.Data", "EventService.Data\EventService.Data.csproj", "{A5B2E87E-A89E-4D80-B558-1CF09687C324}"
EndProject
Project("{9A19103F-16F7-4668-BE54-9A1E7A4F7556}") = "EventService.Domain", "EventService.Domain\EventService.Domain.csproj", "{8649B970-7BED-42A8-A8C0-E0AEBCF56FE3}"
EndProject
Project("{9A19103F-16F7-4668-BE54-9A1E7A4F7556}") = "EventService.Test", "EventService.Test\EventService.Test.csproj", "{B1CE16DC-168D-488C-9BA6-0A2DA549F88B}"
EndProject
Project("{9A19103F-16F7-4668-BE54-9A1E7A4F7556}") = "TicketingService.Api", "TicketingService.Api\TicketingService.Api.csproj", "{DC531727-69C0-41CE-AF44-06CA97574CBF}"
EndProject
Project("{9A19103F-16F7-4668-BE54-9A1E7A4F7556}") = "TicketingService.Business", "TicketingService.Business\TicketingService.Business.csproj", "{32534394-E7EA-4D84-B195-AE7BDC6F3618}"
EndProject
Project("{9A19103F-16F7-4668-BE54-9A1E7A4F7556}") = "TicketingService.Data", "TicketingService.Data\TicketingService.Data.csproj", "{A9E6E3B1-47A1-42AF-B127-1D3A799350C1}"
EndProject
Project("{9A19103F-16F7-4668-BE54-9A1E7A4F7556}") = "TicketingService.Domain", "TicketingService.Domain\TicketingService.Domain.csproj", "{C6786EDE-3518-4574-BBF3-22AABF39921C}"
EndProject
Project("{9A19103F-16F7-4668-BE54-9A1E7A4F7556}") = "TicketingService.Test", "TicketingService.Test\TicketingService.Test.csproj", "{FCC83B4C-4C37-4B8E-B9F4-7FC13426D96E}"
EndProject
Project("{2150E333-8FDC-42A3-9474-1A3956D46DE8}") = "Gateway", "Gateway", "{08622639-76B8-4607-9A32-97B4218B07C3}"
EndProject
Project("{9A19103F-16F7-4668-BE54-9A1E7A4F7556}") = "ApiGateway", "ApiGateway\ApiGateway.csproj", "{A38F150A-EE15-4664-A2FF-633E7F044F42}"
EndProject
Project("{2150E333-8FDC-42A3-9474-1A3956D46DE8}") = "Auth", "Auth", "{91EE5689-5C35-4F3A-85B3-C8ADEF9C0334}"
EndProject
Project("{9A19103F-16F7-4668-BE54-9A1E7A4F7556}") = "AuthService", "AuthService\AuthService.csproj", "{49DEC54E-FF35-4D81-AC84-DA15CB3ACFF1}"
EndProject
Project("{2150E333-8FDC-42A3-9474-1A3956D46DE8}") = "Presentation", "Presentation", "{6953ADAC-ED7A-4249-A61D-36589477603E}"
EndProject
Project("{FAE04EC0-301F-11D3-BF4B-00C04F79EFBC}") = "Dashboard", "Dashboard\Dashboard.csproj", "{C48A7B28-A1F1-4CA3-A63D-B475446B0CF2}"
EndProject
Global
	GlobalSection(SolutionConfigurationPlatforms) = preSolution
		Debug|Any CPU = Debug|Any CPU
		Release|Any CPU = Release|Any CPU
	EndGlobalSection
	GlobalSection(ProjectConfigurationPlatforms) = postSolution
		{3B33248D-F95B-42C2-ADF8-9AF77EB25470}.Debug|Any CPU.ActiveCfg = Debug|Any CPU
		{3B33248D-F95B-42C2-ADF8-9AF77EB25470}.Debug|Any CPU.Build.0 = Debug|Any CPU
		{3B33248D-F95B-42C2-ADF8-9AF77EB25470}.Release|Any CPU.ActiveCfg = Release|Any CPU
		{3B33248D-F95B-42C2-ADF8-9AF77EB25470}.Release|Any CPU.Build.0 = Release|Any CPU
		{36EB8D03-3644-43B1-9BE2-94B275DF59FC}.Debug|Any CPU.ActiveCfg = Debug|Any CPU
		{36EB8D03-3644-43B1-9BE2-94B275DF59FC}.Debug|Any CPU.Build.0 = Debug|Any CPU
		{36EB8D03-3644-43B1-9BE2-94B275DF59FC}.Release|Any CPU.ActiveCfg = Release|Any CPU
		{36EB8D03-3644-43B1-9BE2-94B275DF59FC}.Release|Any CPU.Build.0 = Release|Any CPU
		{D13A71E2-530D-4A75-82CC-1E846672912D}.Debug|Any CPU.ActiveCfg = Debug|Any CPU
		{D13A71E2-530D-4A75-82CC-1E846672912D}.Debug|Any CPU.Build.0 = Debug|Any CPU
		{D13A71E2-530D-4A75-82CC-1E846672912D}.Release|Any CPU.ActiveCfg = Release|Any CPU
		{D13A71E2-530D-4A75-82CC-1E846672912D}.Release|Any CPU.Build.0 = Release|Any CPU
		{355F0AEE-89CF-456A-A6FB-E58180747C68}.Debug|Any CPU.ActiveCfg = Debug|Any CPU
		{355F0AEE-89CF-456A-A6FB-E58180747C68}.Debug|Any CPU.Build.0 = Debug|Any CPU
		{355F0AEE-89CF-456A-A6FB-E58180747C68}.Release|Any CPU.ActiveCfg = Release|Any CPU
		{355F0AEE-89CF-456A-A6FB-E58180747C68}.Release|Any CPU.Build.0 = Release|Any CPU
		{85D6B6CC-F96F-4B82-97BD-2A5373E43CB8}.Debug|Any CPU.ActiveCfg = Debug|Any CPU
		{85D6B6CC-F96F-4B82-97BD-2A5373E43CB8}.Debug|Any CPU.Build.0 = Debug|Any CPU
		{85D6B6CC-F96F-4B82-97BD-2A5373E43CB8}.Release|Any CPU.ActiveCfg = Release|Any CPU
		{85D6B6CC-F96F-4B82-97BD-2A5373E43CB8}.Release|Any CPU.Build.0 = Release|Any CPU
		{70339EFF-09DA-415A-9EF2-0F2F96EDD2EF}.Debug|Any CPU.ActiveCfg = Debug|Any CPU
		{70339EFF-09DA-415A-9EF2-0F2F96EDD2EF}.Debug|Any CPU.Build.0 = Debug|Any CPU
		{70339EFF-09DA-415A-9EF2-0F2F96EDD2EF}.Release|Any CPU.ActiveCfg = Release|Any CPU
		{70339EFF-09DA-415A-9EF2-0F2F96EDD2EF}.Release|Any CPU.Build.0 = Release|Any CPU
		{2AE18777-1FFA-44A0-8923-3D4595C4DB0F}.Debug|Any CPU.ActiveCfg = Debug|Any CPU
		{2AE18777-1FFA-44A0-8923-3D4595C4DB0F}.Debug|Any CPU.Build.0 = Debug|Any CPU
		{2AE18777-1FFA-44A0-8923-3D4595C4DB0F}.Release|Any CPU.ActiveCfg = Release|Any CPU
		{2AE18777-1FFA-44A0-8923-3D4595C4DB0F}.Release|Any CPU.Build.0 = Release|Any CPU
		{954FDBFB-E6EA-49A8-A450-C40B208CD9A0}.Debug|Any CPU.ActiveCfg = Debug|Any CPU
		{954FDBFB-E6EA-49A8-A450-C40B208CD9A0}.Debug|Any CPU.Build.0 = Debug|Any CPU
		{954FDBFB-E6EA-49A8-A450-C40B208CD9A0}.Release|Any CPU.ActiveCfg = Release|Any CPU
		{954FDBFB-E6EA-49A8-A450-C40B208CD9A0}.Release|Any CPU.Build.0 = Release|Any CPU
		{F21A1EAA-20E1-4E41-8A77-AC9CEA5AE7F7}.Debug|Any CPU.ActiveCfg = Debug|Any CPU
		{F21A1EAA-20E1-4E41-8A77-AC9CEA5AE7F7}.Debug|Any CPU.Build.0 = Debug|Any CPU
		{F21A1EAA-20E1-4E41-8A77-AC9CEA5AE7F7}.Release|Any CPU.ActiveCfg = Release|Any CPU
		{F21A1EAA-20E1-4E41-8A77-AC9CEA5AE7F7}.Release|Any CPU.Build.0 = Release|Any CPU
		{51217333-6703-4EE1-BDB1-4913F3CA9195}.Debug|Any CPU.ActiveCfg = Debug|Any CPU
		{51217333-6703-4EE1-BDB1-4913F3CA9195}.Debug|Any CPU.Build.0 = Debug|Any CPU
		{51217333-6703-4EE1-BDB1-4913F3CA9195}.Release|Any CPU.ActiveCfg = Release|Any CPU
		{51217333-6703-4EE1-BDB1-4913F3CA9195}.Release|Any CPU.Build.0 = Release|Any CPU
		{993550B6-8B4F-484E-BEF2-B2AA0DD87822}.Debug|Any CPU.ActiveCfg = Debug|Any CPU
		{993550B6-8B4F-484E-BEF2-B2AA0DD87822}.Debug|Any CPU.Build.0 = Debug|Any CPU
		{993550B6-8B4F-484E-BEF2-B2AA0DD87822}.Release|Any CPU.ActiveCfg = Release|Any CPU
		{993550B6-8B4F-484E-BEF2-B2AA0DD87822}.Release|Any CPU.Build.0 = Release|Any CPU
		{A325B962-1403-4A3C-A584-CAE87CE00B16}.Debug|Any CPU.ActiveCfg = Debug|Any CPU
		{A325B962-1403-4A3C-A584-CAE87CE00B16}.Debug|Any CPU.Build.0 = Debug|Any CPU
		{A325B962-1403-4A3C-A584-CAE87CE00B16}.Release|Any CPU.ActiveCfg = Release|Any CPU
		{A325B962-1403-4A3C-A584-CAE87CE00B16}.Release|Any CPU.Build.0 = Release|Any CPU
		{A4ADF974-27F2-43B7-BCD9-0FE576B8FE57}.Debug|Any CPU.ActiveCfg = Debug|Any CPU
		{A4ADF974-27F2-43B7-BCD9-0FE576B8FE57}.Debug|Any CPU.Build.0 = Debug|Any CPU
		{A4ADF974-27F2-43B7-BCD9-0FE576B8FE57}.Release|Any CPU.ActiveCfg = Release|Any CPU
		{A4ADF974-27F2-43B7-BCD9-0FE576B8FE57}.Release|Any CPU.Build.0 = Release|Any CPU
		{ABA88604-7327-4D23-A622-1BA8BD6F1326}.Debug|Any CPU.ActiveCfg = Debug|Any CPU
		{ABA88604-7327-4D23-A622-1BA8BD6F1326}.Debug|Any CPU.Build.0 = Debug|Any CPU
		{ABA88604-7327-4D23-A622-1BA8BD6F1326}.Release|Any CPU.ActiveCfg = Release|Any CPU
		{ABA88604-7327-4D23-A622-1BA8BD6F1326}.Release|Any CPU.Build.0 = Release|Any CPU
		{B7EF8A5B-8D75-4F3F-A915-3FEE8DEB88C2}.Debug|Any CPU.ActiveCfg = Debug|Any CPU
		{B7EF8A5B-8D75-4F3F-A915-3FEE8DEB88C2}.Debug|Any CPU.Build.0 = Debug|Any CPU
		{B7EF8A5B-8D75-4F3F-A915-3FEE8DEB88C2}.Release|Any CPU.ActiveCfg = Release|Any CPU
		{B7EF8A5B-8D75-4F3F-A915-3FEE8DEB88C2}.Release|Any CPU.Build.0 = Release|Any CPU
		{5797252A-737E-4E12-AD6E-4D46DBACB006}.Debug|Any CPU.ActiveCfg = Debug|Any CPU
		{5797252A-737E-4E12-AD6E-4D46DBACB006}.Debug|Any CPU.Build.0 = Debug|Any CPU
		{5797252A-737E-4E12-AD6E-4D46DBACB006}.Release|Any CPU.ActiveCfg = Release|Any CPU
		{5797252A-737E-4E12-AD6E-4D46DBACB006}.Release|Any CPU.Build.0 = Release|Any CPU
		{4F553432-DA51-483E-AEB8-DF2A89D6BF5D}.Debug|Any CPU.ActiveCfg = Debug|Any CPU
		{4F553432-DA51-483E-AEB8-DF2A89D6BF5D}.Debug|Any CPU.Build.0 = Debug|Any CPU
		{4F553432-DA51-483E-AEB8-DF2A89D6BF5D}.Release|Any CPU.ActiveCfg = Release|Any CPU
		{4F553432-DA51-483E-AEB8-DF2A89D6BF5D}.Release|Any CPU.Build.0 = Release|Any CPU
		{A5B2E87E-A89E-4D80-B558-1CF09687C324}.Debug|Any CPU.ActiveCfg = Debug|Any CPU
		{A5B2E87E-A89E-4D80-B558-1CF09687C324}.Debug|Any CPU.Build.0 = Debug|Any CPU
		{A5B2E87E-A89E-4D80-B558-1CF09687C324}.Release|Any CPU.ActiveCfg = Release|Any CPU
		{A5B2E87E-A89E-4D80-B558-1CF09687C324}.Release|Any CPU.Build.0 = Release|Any CPU
		{8649B970-7BED-42A8-A8C0-E0AEBCF56FE3}.Debug|Any CPU.ActiveCfg = Debug|Any CPU
		{8649B970-7BED-42A8-A8C0-E0AEBCF56FE3}.Debug|Any CPU.Build.0 = Debug|Any CPU
		{8649B970-7BED-42A8-A8C0-E0AEBCF56FE3}.Release|Any CPU.ActiveCfg = Release|Any CPU
		{8649B970-7BED-42A8-A8C0-E0AEBCF56FE3}.Release|Any CPU.Build.0 = Release|Any CPU
		{B1CE16DC-168D-488C-9BA6-0A2DA549F88B}.Debug|Any CPU.ActiveCfg = Debug|Any CPU
		{B1CE16DC-168D-488C-9BA6-0A2DA549F88B}.Debug|Any CPU.Build.0 = Debug|Any CPU
		{B1CE16DC-168D-488C-9BA6-0A2DA549F88B}.Release|Any CPU.ActiveCfg = Release|Any CPU
		{B1CE16DC-168D-488C-9BA6-0A2DA549F88B}.Release|Any CPU.Build.0 = Release|Any CPU
		{DC531727-69C0-41CE-AF44-06CA97574CBF}.Debug|Any CPU.ActiveCfg = Debug|Any CPU
		{DC531727-69C0-41CE-AF44-06CA97574CBF}.Debug|Any CPU.Build.0 = Debug|Any CPU
		{DC531727-69C0-41CE-AF44-06CA97574CBF}.Release|Any CPU.ActiveCfg = Release|Any CPU
		{DC531727-69C0-41CE-AF44-06CA97574CBF}.Release|Any CPU.Build.0 = Release|Any CPU
		{32534394-E7EA-4D84-B195-AE7BDC6F3618}.Debug|Any CPU.ActiveCfg = Debug|Any CPU
		{32534394-E7EA-4D84-B195-AE7BDC6F3618}.Debug|Any CPU.Build.0 = Debug|Any CPU
		{32534394-E7EA-4D84-B195-AE7BDC6F3618}.Release|Any CPU.ActiveCfg = Release|Any CPU
		{32534394-E7EA-4D84-B195-AE7BDC6F3618}.Release|Any CPU.Build.0 = Release|Any CPU
		{A9E6E3B1-47A1-42AF-B127-1D3A799350C1}.Debug|Any CPU.ActiveCfg = Debug|Any CPU
		{A9E6E3B1-47A1-42AF-B127-1D3A799350C1}.Debug|Any CPU.Build.0 = Debug|Any CPU
		{A9E6E3B1-47A1-42AF-B127-1D3A799350C1}.Release|Any CPU.ActiveCfg = Release|Any CPU
		{A9E6E3B1-47A1-42AF-B127-1D3A799350C1}.Release|Any CPU.Build.0 = Release|Any CPU
		{C6786EDE-3518-4574-BBF3-22AABF39921C}.Debug|Any CPU.ActiveCfg = Debug|Any CPU
		{C6786EDE-3518-4574-BBF3-22AABF39921C}.Debug|Any CPU.Build.0 = Debug|Any CPU
		{C6786EDE-3518-4574-BBF3-22AABF39921C}.Release|Any CPU.ActiveCfg = Release|Any CPU
		{C6786EDE-3518-4574-BBF3-22AABF39921C}.Release|Any CPU.Build.0 = Release|Any CPU
		{FCC83B4C-4C37-4B8E-B9F4-7FC13426D96E}.Debug|Any CPU.ActiveCfg = Debug|Any CPU
		{FCC83B4C-4C37-4B8E-B9F4-7FC13426D96E}.Debug|Any CPU.Build.0 = Debug|Any CPU
		{FCC83B4C-4C37-4B8E-B9F4-7FC13426D96E}.Release|Any CPU.ActiveCfg = Release|Any CPU
		{FCC83B4C-4C37-4B8E-B9F4-7FC13426D96E}.Release|Any CPU.Build.0 = Release|Any CPU
		{A38F150A-EE15-4664-A2FF-633E7F044F42}.Debug|Any CPU.ActiveCfg = Debug|Any CPU
		{A38F150A-EE15-4664-A2FF-633E7F044F42}.Debug|Any CPU.Build.0 = Debug|Any CPU
		{A38F150A-EE15-4664-A2FF-633E7F044F42}.Release|Any CPU.ActiveCfg = Release|Any CPU
		{A38F150A-EE15-4664-A2FF-633E7F044F42}.Release|Any CPU.Build.0 = Release|Any CPU
		{49DEC54E-FF35-4D81-AC84-DA15CB3ACFF1}.Debug|Any CPU.ActiveCfg = Debug|Any CPU
		{49DEC54E-FF35-4D81-AC84-DA15CB3ACFF1}.Debug|Any CPU.Build.0 = Debug|Any CPU
		{49DEC54E-FF35-4D81-AC84-DA15CB3ACFF1}.Release|Any CPU.ActiveCfg = Release|Any CPU
		{49DEC54E-FF35-4D81-AC84-DA15CB3ACFF1}.Release|Any CPU.Build.0 = Release|Any CPU
		{C48A7B28-A1F1-4CA3-A63D-B475446B0CF2}.Debug|Any CPU.ActiveCfg = Debug|Any CPU
		{C48A7B28-A1F1-4CA3-A63D-B475446B0CF2}.Debug|Any CPU.Build.0 = Debug|Any CPU
		{C48A7B28-A1F1-4CA3-A63D-B475446B0CF2}.Release|Any CPU.ActiveCfg = Release|Any CPU
		{C48A7B28-A1F1-4CA3-A63D-B475446B0CF2}.Release|Any CPU.Build.0 = Release|Any CPU
	EndGlobalSection
	GlobalSection(SolutionProperties) = preSolution
		HideSolutionNode = FALSE
	EndGlobalSection
	GlobalSection(NestedProjects) = preSolution
		{3B33248D-F95B-42C2-ADF8-9AF77EB25470} = {553C3DD2-09BE-43BA-A67E-783B452A8DDF}
		{36EB8D03-3644-43B1-9BE2-94B275DF59FC} = {553C3DD2-09BE-43BA-A67E-783B452A8DDF}
		{D13A71E2-530D-4A75-82CC-1E846672912D} = {553C3DD2-09BE-43BA-A67E-783B452A8DDF}
		{355F0AEE-89CF-456A-A6FB-E58180747C68} = {553C3DD2-09BE-43BA-A67E-783B452A8DDF}
		{85D6B6CC-F96F-4B82-97BD-2A5373E43CB8} = {553C3DD2-09BE-43BA-A67E-783B452A8DDF}
		{70339EFF-09DA-415A-9EF2-0F2F96EDD2EF} = {C8AB405E-4E12-4619-BE33-999A75A2AFF9}
		{2AE18777-1FFA-44A0-8923-3D4595C4DB0F} = {C8AB405E-4E12-4619-BE33-999A75A2AFF9}
		{954FDBFB-E6EA-49A8-A450-C40B208CD9A0} = {C8AB405E-4E12-4619-BE33-999A75A2AFF9}
		{F21A1EAA-20E1-4E41-8A77-AC9CEA5AE7F7} = {C8AB405E-4E12-4619-BE33-999A75A2AFF9}
		{51217333-6703-4EE1-BDB1-4913F3CA9195} = {C8AB405E-4E12-4619-BE33-999A75A2AFF9}
		{993550B6-8B4F-484E-BEF2-B2AA0DD87822} = {548C71BD-0F9C-4AC4-8460-6DE41AE206B0}
		{A325B962-1403-4A3C-A584-CAE87CE00B16} = {548C71BD-0F9C-4AC4-8460-6DE41AE206B0}
		{A4ADF974-27F2-43B7-BCD9-0FE576B8FE57} = {548C71BD-0F9C-4AC4-8460-6DE41AE206B0}
		{ABA88604-7327-4D23-A622-1BA8BD6F1326} = {548C71BD-0F9C-4AC4-8460-6DE41AE206B0}
		{B7EF8A5B-8D75-4F3F-A915-3FEE8DEB88C2} = {548C71BD-0F9C-4AC4-8460-6DE41AE206B0}
		{5797252A-737E-4E12-AD6E-4D46DBACB006} = {89B97316-D2EE-4231-9FB5-4F7FD35BD984}
		{4F553432-DA51-483E-AEB8-DF2A89D6BF5D} = {89B97316-D2EE-4231-9FB5-4F7FD35BD984}
		{A5B2E87E-A89E-4D80-B558-1CF09687C324} = {89B97316-D2EE-4231-9FB5-4F7FD35BD984}
		{8649B970-7BED-42A8-A8C0-E0AEBCF56FE3} = {89B97316-D2EE-4231-9FB5-4F7FD35BD984}
		{B1CE16DC-168D-488C-9BA6-0A2DA549F88B} = {89B97316-D2EE-4231-9FB5-4F7FD35BD984}
		{DC531727-69C0-41CE-AF44-06CA97574CBF} = {9A6BD48C-5402-46C1-89DB-BC46CDEBBE58}
		{32534394-E7EA-4D84-B195-AE7BDC6F3618} = {9A6BD48C-5402-46C1-89DB-BC46CDEBBE58}
		{A9E6E3B1-47A1-42AF-B127-1D3A799350C1} = {9A6BD48C-5402-46C1-89DB-BC46CDEBBE58}
		{C6786EDE-3518-4574-BBF3-22AABF39921C} = {9A6BD48C-5402-46C1-89DB-BC46CDEBBE58}
		{FCC83B4C-4C37-4B8E-B9F4-7FC13426D96E} = {9A6BD48C-5402-46C1-89DB-BC46CDEBBE58}
		{A38F150A-EE15-4664-A2FF-633E7F044F42} = {08622639-76B8-4607-9A32-97B4218B07C3}
		{49DEC54E-FF35-4D81-AC84-DA15CB3ACFF1} = {91EE5689-5C35-4F3A-85B3-C8ADEF9C0334}
		{C48A7B28-A1F1-4CA3-A63D-B475446B0CF2} = {6953ADAC-ED7A-4249-A61D-36589477603E}
	EndGlobalSection
	GlobalSection(ExtensibilityGlobals) = postSolution
		SolutionGuid = {A5F4F738-6A6C-4C62-AB3F-648D9B38C123}
	EndGlobalSection
EndGlobal
